
Microsoft Visual Studio Solution File, Format Version 12.00
# Visual Studio Version 17
VisualStudioVersion = 17.5.002.0
MinimumVisualStudioVersion = 10.0.40219.1
Project("{2150E333-8FDC-42A3-9474-1A3956D46DE8}") = "csharp-prep", "csharp-prep", "{369C5C25-E156-40DF-996F-970AAA150AE4}"
EndProject
Project("{9A19103F-16F7-4668-BE54-9A1E7A4F7556}") = "Prep1", "csharp-prep\Prep1\Prep1.csproj", "{42313BA3-DC47-49DB-9131-617E8C7654E8}"
EndProject
Project("{9A19103F-16F7-4668-BE54-9A1E7A4F7556}") = "Prep2", "csharp-prep\Prep2\Prep2.csproj", "{5AA7E732-7EE7-409F-BE90-EE0D674A381F}"
EndProject
Project("{9A19103F-16F7-4668-BE54-9A1E7A4F7556}") = "Prep3", "csharp-prep\Prep3\Prep3.csproj", "{77866328-43C6-44F4-8B79-390CEF453634}"
EndProject
Project("{9A19103F-16F7-4668-BE54-9A1E7A4F7556}") = "Prep4", "csharp-prep\Prep4\Prep4.csproj", "{446D4FC6-A8F9-4D52-809E-6BC07744FFC9}"
EndProject
Project("{9A19103F-16F7-4668-BE54-9A1E7A4F7556}") = "Prep5", "csharp-prep\Prep5\Prep5.csproj", "{66584915-B65A-4719-A367-9A44C99650B8}"
EndProject
Project("{2150E333-8FDC-42A3-9474-1A3956D46DE8}") = "final", "final", "{CCBC0D38-72AF-4E22-8410-BBC35BD5CCFF}"
EndProject
Project("{9A19103F-16F7-4668-BE54-9A1E7A4F7556}") = "FinalProject", "final\FinalProject\FinalProject.csproj", "{FE6F815F-3680-44C7-BB0C-B532B2E5369D}"
EndProject
Project("{9A19103F-16F7-4668-BE54-9A1E7A4F7556}") = "Foundation1", "final\Foundation1\Foundation1.csproj", "{3E0EC21F-29FB-4FD8-B786-8BE6495F554E}"
EndProject
Project("{9A19103F-16F7-4668-BE54-9A1E7A4F7556}") = "Foundation2", "final\Foundation2\Foundation2.csproj", "{6012E749-8985-4703-912B-55EAC3E463D1}"
EndProject
Project("{9A19103F-16F7-4668-BE54-9A1E7A4F7556}") = "Foundation3", "final\Foundation3\Foundation3.csproj", "{58E0912F-2030-4098-8C07-97264E84C6E2}"
EndProject
Project("{9A19103F-16F7-4668-BE54-9A1E7A4F7556}") = "Foundation4", "final\Foundation4\Foundation4.csproj", "{82D41E7F-9D87-4716-95FA-77AC2582F83B}"
EndProject
Project("{2150E333-8FDC-42A3-9474-1A3956D46DE8}") = "prepare", "prepare", "{8B8F8809-72E4-48E4-9B2E-AF276C95F9D9}"
EndProject
Project("{9A19103F-16F7-4668-BE54-9A1E7A4F7556}") = "Learning02", "prepare\Learning02\Learning02.csproj", "{E118779B-9818-4C21-B124-F498EB649523}"
EndProject
Project("{9A19103F-16F7-4668-BE54-9A1E7A4F7556}") = "Learning03", "prepare\Learning03\Learning03.csproj", "{60B93B55-0455-437E-9F38-C5D59092A653}"
EndProject
Project("{9A19103F-16F7-4668-BE54-9A1E7A4F7556}") = "Learning04", "prepare\Learning04\Learning04.csproj", "{CF46D5D5-0D9E-4C6A-A81E-6DBC7A302F1F}"
EndProject
Project("{9A19103F-16F7-4668-BE54-9A1E7A4F7556}") = "Learning05", "prepare\Learning05\Learning05.csproj", "{C2CAA65E-B32E-4726-982F-7EFEE7759CC9}"
EndProject
Project("{2150E333-8FDC-42A3-9474-1A3956D46DE8}") = "prove", "prove", "{ED937B05-1FFB-4E65-B8DF-A35D7FE97477}"
EndProject
Project("{9A19103F-16F7-4668-BE54-9A1E7A4F7556}") = "Develop02", "prove\Develop02\Develop02.csproj", "{948496D2-6F5B-4029-B38E-C10AF4DA7B8C}"
EndProject
Project("{9A19103F-16F7-4668-BE54-9A1E7A4F7556}") = "Develop03", "prove\Develop03\Develop03.csproj", "{48089360-F7C0-4244-9CBE-2D53BE68AC1D}"
EndProject
Project("{9A19103F-16F7-4668-BE54-9A1E7A4F7556}") = "Develop04", "prove\Develop04\Develop04.csproj", "{E461F98F-438D-4529-9451-5455C9C9E192}"
EndProject
Project("{9A19103F-16F7-4668-BE54-9A1E7A4F7556}") = "Develop05", "prove\Develop05\Develop05.csproj", "{45A604C0-AE3F-4738-97D7-25974CD7705A}"
EndProject
Project("{2150E333-8FDC-42A3-9474-1A3956D46DE8}") = "sandbox", "sandbox", "{FBC2E4F5-EC59-4DDA-918B-032E9B395A33}"
EndProject
Project("{9A19103F-16F7-4668-BE54-9A1E7A4F7556}") = "Sandbox", "sandbox\Sandbox\Sandbox.csproj", "{39BA41D2-545A-41EB-97C5-02CE2BA4BEFB}"
EndProject
Global
	GlobalSection(SolutionConfigurationPlatforms) = preSolution
		Debug|Any CPU = Debug|Any CPU
		Release|Any CPU = Release|Any CPU
	EndGlobalSection
	GlobalSection(ProjectConfigurationPlatforms) = postSolution
		{42313BA3-DC47-49DB-9131-617E8C7654E8}.Debug|Any CPU.ActiveCfg = Debug|Any CPU
		{42313BA3-DC47-49DB-9131-617E8C7654E8}.Debug|Any CPU.Build.0 = Debug|Any CPU
		{42313BA3-DC47-49DB-9131-617E8C7654E8}.Release|Any CPU.ActiveCfg = Release|Any CPU
		{42313BA3-DC47-49DB-9131-617E8C7654E8}.Release|Any CPU.Build.0 = Release|Any CPU
		{5AA7E732-7EE7-409F-BE90-EE0D674A381F}.Debug|Any CPU.ActiveCfg = Debug|Any CPU
		{5AA7E732-7EE7-409F-BE90-EE0D674A381F}.Debug|Any CPU.Build.0 = Debug|Any CPU
		{5AA7E732-7EE7-409F-BE90-EE0D674A381F}.Release|Any CPU.ActiveCfg = Release|Any CPU
		{5AA7E732-7EE7-409F-BE90-EE0D674A381F}.Release|Any CPU.Build.0 = Release|Any CPU
		{77866328-43C6-44F4-8B79-390CEF453634}.Debug|Any CPU.ActiveCfg = Debug|Any CPU
		{77866328-43C6-44F4-8B79-390CEF453634}.Debug|Any CPU.Build.0 = Debug|Any CPU
		{77866328-43C6-44F4-8B79-390CEF453634}.Release|Any CPU.ActiveCfg = Release|Any CPU
		{77866328-43C6-44F4-8B79-390CEF453634}.Release|Any CPU.Build.0 = Release|Any CPU
		{446D4FC6-A8F9-4D52-809E-6BC07744FFC9}.Debug|Any CPU.ActiveCfg = Debug|Any CPU
		{446D4FC6-A8F9-4D52-809E-6BC07744FFC9}.Debug|Any CPU.Build.0 = Debug|Any CPU
		{446D4FC6-A8F9-4D52-809E-6BC07744FFC9}.Release|Any CPU.ActiveCfg = Release|Any CPU
		{446D4FC6-A8F9-4D52-809E-6BC07744FFC9}.Release|Any CPU.Build.0 = Release|Any CPU
		{66584915-B65A-4719-A367-9A44C99650B8}.Debug|Any CPU.ActiveCfg = Debug|Any CPU
		{66584915-B65A-4719-A367-9A44C99650B8}.Debug|Any CPU.Build.0 = Debug|Any CPU
		{66584915-B65A-4719-A367-9A44C99650B8}.Release|Any CPU.ActiveCfg = Release|Any CPU
		{66584915-B65A-4719-A367-9A44C99650B8}.Release|Any CPU.Build.0 = Release|Any CPU
		{FE6F815F-3680-44C7-BB0C-B532B2E5369D}.Debug|Any CPU.ActiveCfg = Debug|Any CPU
		{FE6F815F-3680-44C7-BB0C-B532B2E5369D}.Debug|Any CPU.Build.0 = Debug|Any CPU
		{FE6F815F-3680-44C7-BB0C-B532B2E5369D}.Release|Any CPU.ActiveCfg = Release|Any CPU
		{FE6F815F-3680-44C7-BB0C-B532B2E5369D}.Release|Any CPU.Build.0 = Release|Any CPU
		{3E0EC21F-29FB-4FD8-B786-8BE6495F554E}.Debug|Any CPU.ActiveCfg = Debug|Any CPU
		{3E0EC21F-29FB-4FD8-B786-8BE6495F554E}.Debug|Any CPU.Build.0 = Debug|Any CPU
		{3E0EC21F-29FB-4FD8-B786-8BE6495F554E}.Release|Any CPU.ActiveCfg = Release|Any CPU
		{3E0EC21F-29FB-4FD8-B786-8BE6495F554E}.Release|Any CPU.Build.0 = Release|Any CPU
		{6012E749-8985-4703-912B-55EAC3E463D1}.Debug|Any CPU.ActiveCfg = Debug|Any CPU
		{6012E749-8985-4703-912B-55EAC3E463D1}.Debug|Any CPU.Build.0 = Debug|Any CPU
		{6012E749-8985-4703-912B-55EAC3E463D1}.Release|Any CPU.ActiveCfg = Release|Any CPU
		{6012E749-8985-4703-912B-55EAC3E463D1}.Release|Any CPU.Build.0 = Release|Any CPU
		{58E0912F-2030-4098-8C07-97264E84C6E2}.Debug|Any CPU.ActiveCfg = Debug|Any CPU
		{58E0912F-2030-4098-8C07-97264E84C6E2}.Debug|Any CPU.Build.0 = Debug|Any CPU
		{58E0912F-2030-4098-8C07-97264E84C6E2}.Release|Any CPU.ActiveCfg = Release|Any CPU
		{58E0912F-2030-4098-8C07-97264E84C6E2}.Release|Any CPU.Build.0 = Release|Any CPU
		{82D41E7F-9D87-4716-95FA-77AC2582F83B}.Debug|Any CPU.ActiveCfg = Debug|Any CPU
		{82D41E7F-9D87-4716-95FA-77AC2582F83B}.Debug|Any CPU.Build.0 = Debug|Any CPU
		{82D41E7F-9D87-4716-95FA-77AC2582F83B}.Release|Any CPU.ActiveCfg = Release|Any CPU
		{82D41E7F-9D87-4716-95FA-77AC2582F83B}.Release|Any CPU.Build.0 = Release|Any CPU
		{E118779B-9818-4C21-B124-F498EB649523}.Debug|Any CPU.ActiveCfg = Debug|Any CPU
		{E118779B-9818-4C21-B124-F498EB649523}.Debug|Any CPU.Build.0 = Debug|Any CPU
		{E118779B-9818-4C21-B124-F498EB649523}.Release|Any CPU.ActiveCfg = Release|Any CPU
		{E118779B-9818-4C21-B124-F498EB649523}.Release|Any CPU.Build.0 = Release|Any CPU
		{60B93B55-0455-437E-9F38-C5D59092A653}.Debug|Any CPU.ActiveCfg = Debug|Any CPU
		{60B93B55-0455-437E-9F38-C5D59092A653}.Debug|Any CPU.Build.0 = Debug|Any CPU
		{60B93B55-0455-437E-9F38-C5D59092A653}.Release|Any CPU.ActiveCfg = Release|Any CPU
		{60B93B55-0455-437E-9F38-C5D59092A653}.Release|Any CPU.Build.0 = Release|Any CPU
		{CF46D5D5-0D9E-4C6A-A81E-6DBC7A302F1F}.Debug|Any CPU.ActiveCfg = Debug|Any CPU
		{CF46D5D5-0D9E-4C6A-A81E-6DBC7A302F1F}.Debug|Any CPU.Build.0 = Debug|Any CPU
		{CF46D5D5-0D9E-4C6A-A81E-6DBC7A302F1F}.Release|Any CPU.ActiveCfg = Release|Any CPU
		{CF46D5D5-0D9E-4C6A-A81E-6DBC7A302F1F}.Release|Any CPU.Build.0 = Release|Any CPU
		{C2CAA65E-B32E-4726-982F-7EFEE7759CC9}.Debug|Any CPU.ActiveCfg = Debug|Any CPU
		{C2CAA65E-B32E-4726-982F-7EFEE7759CC9}.Debug|Any CPU.Build.0 = Debug|Any CPU
		{C2CAA65E-B32E-4726-982F-7EFEE7759CC9}.Release|Any CPU.ActiveCfg = Release|Any CPU
		{C2CAA65E-B32E-4726-982F-7EFEE7759CC9}.Release|Any CPU.Build.0 = Release|Any CPU
		{948496D2-6F5B-4029-B38E-C10AF4DA7B8C}.Debug|Any CPU.ActiveCfg = Debug|Any CPU
		{948496D2-6F5B-4029-B38E-C10AF4DA7B8C}.Debug|Any CPU.Build.0 = Debug|Any CPU
		{948496D2-6F5B-4029-B38E-C10AF4DA7B8C}.Release|Any CPU.ActiveCfg = Release|Any CPU
		{948496D2-6F5B-4029-B38E-C10AF4DA7B8C}.Release|Any CPU.Build.0 = Release|Any CPU
		{48089360-F7C0-4244-9CBE-2D53BE68AC1D}.Debug|Any CPU.ActiveCfg = Debug|Any CPU
		{48089360-F7C0-4244-9CBE-2D53BE68AC1D}.Debug|Any CPU.Build.0 = Debug|Any CPU
		{48089360-F7C0-4244-9CBE-2D53BE68AC1D}.Release|Any CPU.ActiveCfg = Release|Any CPU
		{48089360-F7C0-4244-9CBE-2D53BE68AC1D}.Release|Any CPU.Build.0 = Release|Any CPU
		{E461F98F-438D-4529-9451-5455C9C9E192}.Debug|Any CPU.ActiveCfg = Debug|Any CPU
		{E461F98F-438D-4529-9451-5455C9C9E192}.Debug|Any CPU.Build.0 = Debug|Any CPU
		{E461F98F-438D-4529-9451-5455C9C9E192}.Release|Any CPU.ActiveCfg = Release|Any CPU
		{E461F98F-438D-4529-9451-5455C9C9E192}.Release|Any CPU.Build.0 = Release|Any CPU
		{45A604C0-AE3F-4738-97D7-25974CD7705A}.Debug|Any CPU.ActiveCfg = Debug|Any CPU
		{45A604C0-AE3F-4738-97D7-25974CD7705A}.Debug|Any CPU.Build.0 = Debug|Any CPU
		{45A604C0-AE3F-4738-97D7-25974CD7705A}.Release|Any CPU.ActiveCfg = Release|Any CPU
		{45A604C0-AE3F-4738-97D7-25974CD7705A}.Release|Any CPU.Build.0 = Release|Any CPU
		{39BA41D2-545A-41EB-97C5-02CE2BA4BEFB}.Debug|Any CPU.ActiveCfg = Debug|Any CPU
		{39BA41D2-545A-41EB-97C5-02CE2BA4BEFB}.Debug|Any CPU.Build.0 = Debug|Any CPU
		{39BA41D2-545A-41EB-97C5-02CE2BA4BEFB}.Release|Any CPU.ActiveCfg = Release|Any CPU
		{39BA41D2-545A-41EB-97C5-02CE2BA4BEFB}.Release|Any CPU.Build.0 = Release|Any CPU
	EndGlobalSection
	GlobalSection(SolutionProperties) = preSolution
		HideSolutionNode = FALSE
	EndGlobalSection
	GlobalSection(NestedProjects) = preSolution
		{42313BA3-DC47-49DB-9131-617E8C7654E8} = {369C5C25-E156-40DF-996F-970AAA150AE4}
		{5AA7E732-7EE7-409F-BE90-EE0D674A381F} = {369C5C25-E156-40DF-996F-970AAA150AE4}
		{77866328-43C6-44F4-8B79-390CEF453634} = {369C5C25-E156-40DF-996F-970AAA150AE4}
		{446D4FC6-A8F9-4D52-809E-6BC07744FFC9} = {369C5C25-E156-40DF-996F-970AAA150AE4}
		{66584915-B65A-4719-A367-9A44C99650B8} = {369C5C25-E156-40DF-996F-970AAA150AE4}
		{FE6F815F-3680-44C7-BB0C-B532B2E5369D} = {CCBC0D38-72AF-4E22-8410-BBC35BD5CCFF}
		{3E0EC21F-29FB-4FD8-B786-8BE6495F554E} = {CCBC0D38-72AF-4E22-8410-BBC35BD5CCFF}
		{6012E749-8985-4703-912B-55EAC3E463D1} = {CCBC0D38-72AF-4E22-8410-BBC35BD5CCFF}
		{58E0912F-2030-4098-8C07-97264E84C6E2} = {CCBC0D38-72AF-4E22-8410-BBC35BD5CCFF}
		{82D41E7F-9D87-4716-95FA-77AC2582F83B} = {CCBC0D38-72AF-4E22-8410-BBC35BD5CCFF}
		{E118779B-9818-4C21-B124-F498EB649523} = {8B8F8809-72E4-48E4-9B2E-AF276C95F9D9}
		{60B93B55-0455-437E-9F38-C5D59092A653} = {8B8F8809-72E4-48E4-9B2E-AF276C95F9D9}
		{CF46D5D5-0D9E-4C6A-A81E-6DBC7A302F1F} = {8B8F8809-72E4-48E4-9B2E-AF276C95F9D9}
		{C2CAA65E-B32E-4726-982F-7EFEE7759CC9} = {8B8F8809-72E4-48E4-9B2E-AF276C95F9D9}
		{948496D2-6F5B-4029-B38E-C10AF4DA7B8C} = {ED937B05-1FFB-4E65-B8DF-A35D7FE97477}
		{48089360-F7C0-4244-9CBE-2D53BE68AC1D} = {ED937B05-1FFB-4E65-B8DF-A35D7FE97477}
		{E461F98F-438D-4529-9451-5455C9C9E192} = {ED937B05-1FFB-4E65-B8DF-A35D7FE97477}
		{45A604C0-AE3F-4738-97D7-25974CD7705A} = {ED937B05-1FFB-4E65-B8DF-A35D7FE97477}
		{39BA41D2-545A-41EB-97C5-02CE2BA4BEFB} = {FBC2E4F5-EC59-4DDA-918B-032E9B395A33}
	EndGlobalSection
	GlobalSection(ExtensibilityGlobals) = postSolution
		SolutionGuid = {771EA1E2-C6E2-4986-AA3B-F0B7AD678601}
	EndGlobalSection
EndGlobal
